
Microsoft Visual Studio Solution File, Format Version 12.00
# Visual Studio Version 16
VisualStudioVersion = 16.0.30204.135
MinimumVisualStudioVersion = 10.0.40219.1
Project("{FAE04EC0-301F-11D3-BF4B-00C04F79EFBC}") = "Lesson2B", "Lesson2B\Lesson2B.csproj", "{7397BB9D-AF3D-4C53-89FC-507693ADBA48}"
EndProject
Global
	GlobalSection(SolutionConfigurationPlatforms) = preSolution
		Debug|Any CPU = Debug|Any CPU
		Release|Any CPU = Release|Any CPU
	EndGlobalSection
	GlobalSection(ProjectConfigurationPlatforms) = postSolution
		{7397BB9D-AF3D-4C53-89FC-507693ADBA48}.Debug|Any CPU.ActiveCfg = Debug|Any CPU
		{7397BB9D-AF3D-4C53-89FC-507693ADBA48}.Debug|Any CPU.Build.0 = Debug|Any CPU
		{7397BB9D-AF3D-4C53-89FC-507693ADBA48}.Release|Any CPU.ActiveCfg = Release|Any CPU
		{7397BB9D-AF3D-4C53-89FC-507693ADBA48}.Release|Any CPU.Build.0 = Release|Any CPU
	EndGlobalSection
	GlobalSection(SolutionProperties) = preSolution
		HideSolutionNode = FALSE
	EndGlobalSection
	GlobalSection(ExtensibilityGlobals) = postSolution
		SolutionGuid = {35255991-BCCB-45CD-96B4-04C0283C2DC0}
	EndGlobalSection
EndGlobal
